{
  "name": "npm-deps",
  "lockfileVersion": 2,
  "requires": true,
  "packages": {
    "": {
      "dependencies": {
        "@dimforge/rapier3d": "^0.6.0"
      }
    },
    "node_modules/@dimforge/rapier3d": {
      "version": "0.6.0",
      "resolved": "https://registry.npmjs.org/@dimforge/rapier3d/-/rapier3d-0.6.0.tgz",
      "integrity": "sha512-BD2pJNi4KAQ4QyOlYxoYrB42bfdT0J3nD6Ha7wpww9E+wFyHN7E7iArQuv3irXRtbgFuYm640TkYHQfyc0N1ug=="
    }
  },
  "dependencies": {
    "@dimforge/rapier3d": {
      "version": "0.6.0",
      "resolved": "https://registry.npmjs.org/@dimforge/rapier3d/-/rapier3d-0.6.0.tgz",
      "integrity": "sha512-BD2pJNi4KAQ4QyOlYxoYrB42bfdT0J3nD6Ha7wpww9E+wFyHN7E7iArQuv3irXRtbgFuYm640TkYHQfyc0N1ug=="
    }
  }
}
